github.com/DDP-Projekt/Kompilierer v0.0.0-20230928151210-d9eecebafee9 h1:Z2yasd1Jsvxk007ykyM6HQH/nZPIe/lGEbgY4KTu0ig=
github.com/DDP-Projekt/Kompilierer v0.0.0-20230928151210-d9eecebafee9/go.mod h1:OVRSCZNQ8LVV8ZH5TuAGTaf0skO06bgV5Y7Wgvdb+NY=
github.com/DDP-Projekt/Kompilierer v0.0.0-20231025081206-829824652423 h1:PDMUPVMHVlP/iFTvDiaajRWps1h47s6kxnAeILuo4QI=
github.com/DDP-Projekt/Kompilierer v0.0.0-20231025081206-829824652423/go.mod h1:OVRSCZNQ8LVV8ZH5TuAGTaf0skO06bgV5Y7Wgvdb+NY=
github.com/DDP-Projekt/Kompilierer v0.0.0-20231025083745-64f272226a49 h1:uQp4Q58Hwk+lsSVNgAG+yk6Mq01fS8c4vhPLmtFlzVc=
github.com/DDP-Projekt/Kompilierer v0.0.0-20231025083745-64f272226a49/go.mod h1:OVRSCZNQ8LVV8ZH5TuAGTaf0skO06bgV5Y7Wgvdb+NY=
github.com/DDP-Projekt/Kompilierer v0.0.1-alpha.0.20231107184132-5bc08a3b4e45 h1:Iqf+U8hU1l4g3jfijGrSQdf/ZkhxPXYBsHhhM0ioUmE=
github.com/DDP-Projekt/Kompilierer v0.0.1-alpha.0.20231107184132-5bc08a3b4e45/go.mod h1:OVRSCZNQ8LVV8ZH5TuAGTaf0skO06bgV5Y7Wgvdb+NY=
github.com/DDP-Projekt/Kompilierer v0.0.8-pre.0.20231014084239-f215690bee7a h1:vGA+Y7EwF1MkJZKuQLf3X0wuUQ5B9Cz33G1LpEH3IDQ=
github.com/DDP-Projekt/Kompilierer v0.0.8-pre.0.20231014084239-f215690bee7a/go.mod h1:OVRSCZNQ8LVV8ZH5TuAGTaf0skO06bgV5Y7Wgvdb+NY=
github.com/aymanbagabas/go-osc52/v2 v2.0.1 h1:HwpRHbFMcZLEVr42D4p7XBqjyuxQH5SMiErDT4WkJ2k=
github.com/aymanbagabas/go-osc52/v2 v2.0.1/go.mod h1:uYgXzlJ7ZpABp8OJ+exZzJJhRNQ2ASbcXHWsFqH8hp8=
github.com/bafto/glsp v0.1.2-0.20230806091905-942e1aee0810 h1:SqEtvmrp0wqvKYw9J7DSvnMM8l12cDj98k8vKlVB/7U=
github.com/bafto/glsp v0.1.2-0.20230806091905-942e1aee0810/go.mod h1:lQDXPfht/Um/FJLthIpGyXclyKq7uVUolignlAyK66Q=
github.com/davecgh/go-spew v1.1.0/go.mod h1:J7Y8YcW2NihsgmVo/mv3lAwl/skON4iLHjSsI+c5H38=
github.com/davecgh/go-spew v1.1.1 h1:vj9j/u1bqnvCEfJOwUhtlOARqs3+rkHYY13jYWTU97c=
github.com/gorilla/websocket v1.4.1/go.mod h1:YR8l580nyteQvAITg2hZ9XVh4b55+EU/adAjf1fMHhE=
github.com/gorilla/websocket v1.5.0 h1:PPwGk2jz7EePpoHN/+ClbZu8SPxiqlu12wZP/3sWmnc=
github.com/gorilla/websocket v1.5.0/go.mod h1:YR8l580nyteQvAITg2hZ9XVh4b55+EU/adAjf1fMHhE=
github.com/iancoleman/strcase v0.2.0 h1:05I4QRnGpI0m37iZQRuskXh+w77mr6Z41lwQzuHLwW0=
github.com/iancoleman/strcase v0.2.0/go.mod h1:iwCmte+B7n89clKwxIoIXy/HfoL7AsD47ZCWhYzw7ho=
github.com/kardianos/osext v0.0.0-20190222173326-2bc1f35cddc0 h1:iQTw/8FWTuc7uiaSepXwyf3o52HaUYcV+Tu66S3F5GA=
github.com/kardianos/osext v0.0.0-20190222173326-2bc1f35cddc0/go.mod h1:1NbS8ALrpOvjt0rHPNLyCIeMtbizbir8U//inJ+zuB8=
github.com/lucasb-eyer/go-colorful v1.2.0 h1:1nnpGOrhyZZuNyfu1QjKiUICQ74+3FNCN69Aj6K7nkY=
github.com/lucasb-eyer/go-colorful v1.2.0/go.mod h1:R4dSotOR9KMtayYi1e77YzuveK+i7ruzyGqttikkLy0=
github.com/mattn/go-isatty v0.0.17 h1:BTarxUcIeDqL27Mc+vyvdWYSL28zpIhv3RoTdsLMPng=
github.com/mattn/go-isatty v0.0.17/go.mod h1:kYGgaQfpe5nmfYZH+SKPsOc2e4SrIfOl2e/yFXSvRLM=
github.com/mattn/go-runewidth v0.0.14 h1:+xnbZSEeDbOIg5/mE6JF0w6n9duR1l3/WmbinWVwUuU=
github.com/mattn/go-runewidth v0.0.14/go.mod h1:Jdepj2loyihRzMpdS35Xk/zdY8IAYHsh153qUoGf23w=
github.com/muesli/termenv v0.15.1 h1:UzuTb/+hhlBugQz28rpzey4ZuKcZ03MeKsoG7IJZIxs=
github.com/muesli/termenv v0.15.1/go.mod h1:HeAQPTzpfs016yGtA4g00CsdYnVLJvxsS4ANqrZs2sQ=
github.com/petermattis/goid v0.0.0-20180202154549-b0b1615b78e5/go.mod h1:jvVRKCrJTQWu0XVbaOlby/2lO20uSCHEMzzplHXte1o=
github.com/petermattis/goid v0.0.0-20220824145935-af5520614cb6 h1:CoZdAHg4WQNvhnyqCxKEDlRRnsvEafj0RPTF9KBGi58=
github.com/petermattis/goid v0.0.0-20220824145935-af5520614cb6/go.mod h1:pxMtw7cyUw6B2bRH0ZBANSPg+AoSud1I1iyJHI69jH4=
github.com/pkg/errors v0.9.1 h1:FEBLx1zS214owpjy7qsBeixbURkuhQAwrK5UwLGTwt4=
github.com/pkg/errors v0.9.1/go.mod h1:bwawxfHBFNV+L2hUp1rHADufV3IMtnDRdf1r5NINEl0=
github.com/pmezard/go-difflib v1.0.0 h1:4DBwDE0NGyQoBHbLQYPwSUPoCMWR5BEzIk/f1lZbAQM=
github.com/pmezard/go-difflib v1.0.0/go.mod h1:iKH77koFhYxTK1pcRnkKkqfTogsbg7gZNVY4sRDYZ/4=
github.com/rivo/uniseg v0.2.0/go.mod h1:J6wj4VEh+S6ZtnVlnTBMWIodfgj8LQOQFoIToxlJtxc=
github.com/rivo/uniseg v0.4.2 h1:YwD0ulJSJytLpiaWua0sBDusfsCZohxjxzVTYjwxfV8=
github.com/rivo/uniseg v0.4.2/go.mod h1:FN3SvrM+Zdj16jyLfmOkMNblXMcoc8DfTHruCPUcx88=
github.com/sasha-s/go-deadlock v0.3.1 h1:sqv7fDNShgjcaxkO0JNcOAlr8B9+cV5Ey/OB71efZx0=
github.com/sasha-s/go-deadlock v0.3.1/go.mod h1:F73l+cr82YSh10GxyRI6qZiCgK64VaZjwesgfQ1/iLM=
github.com/sourcegraph/jsonrpc2 v0.2.0 h1:KjN/dC4fP6aN9030MZCJs9WQbTOjWHhrtKVpzzSrr/U=
github.com/sourcegraph/jsonrpc2 v0.2.0/go.mod h1:ZafdZgk/axhT1cvZAPOhw+95nz2I/Ra5qMlU4gTRwIo=
github.com/stretchr/objx v0.1.0/go.mod h1:HFkY916IF+rwdDfMAkV7OtwuqBVzrE8GR6GFx+wExME=
github.com/stretchr/testify v1.6.1 h1:hDPOHmpOpP40lSULcqw7IrRb/u7w6RpDC9399XyoNd0=
github.com/stretchr/testify v1.6.1/go.mod h1:6Fq8oRcR53rry900zMqJjRRixrwX3KX962/h/Wwjteg=
github.com/tliron/commonlog v0.1.0 h1:EsNHnG/oPSJ8BqTjIRxLc/lmurz5cyUuoKe7CabmHfg=
github.com/tliron/commonlog v0.1.0/go.mod h1:aF5mXemxKqtWPIvsexXjgKXWLkXnBUt33mqek5E0UJc=
github.com/tliron/kutil v0.1.68 h1:CFq9ZgiZvtA4HiRZ47wBV98JxDMlB1cgbehCnJsBytM=
github.com/tliron/kutil v0.1.68/go.mod h1:iQTTw/mzWWgpYi2Y9agD/uHPZXf1metD3ilrr9H4I68=
github.com/vmihailenco/msgpack/v5 v5.3.5 h1:5gO0H1iULLWGhs2H5tbAHIZTV8/cYafcFOr9znI5mJU=
github.com/vmihailenco/msgpack/v5 v5.3.5/go.mod h1:7xyJ9e+0+9SaZT0Wt1RGleJXzli6Q/V5KbhBonMG9jc=
github.com/vmihailenco/tagparser/v2 v2.0.0 h1:y09buUbR+b5aycVFQs/g70pqKVZNBmxwAhO7/IwNM9g=
github.com/vmihailenco/tagparser/v2 v2.0.0/go.mod h1:Wri+At7QHww0WTrCBeu4J6bNtoV6mEfg5OIWRZA9qds=
golang.org/x/crypto v0.12.0 h1:tFM/ta59kqch6LlvYnPa0yx5a83cL2nHflFhYKvv9Yk=
golang.org/x/crypto v0.12.0/go.mod h1:NF0Gs7EO5K4qLn+Ylc+fih8BSTeIjAP05siRnAh98yw=
golang.org/x/sys v0.0.0-20220811171246-fbc7d0a398ab/go.mod h1:oPkhp1MJrh7nUepCBck5+mAzfO9JrbApNNgaTdGDITg=
golang.org/x/sys v0.11.0 h1:eG7RXZHdqOJ1i+0lgLgCpSXAp6M3LYlAo6osgSi0xOM=
golang.org/x/sys v0.11.0/go.mod h1:oPkhp1MJrh7nUepCBck5+mAzfO9JrbApNNgaTdGDITg=
golang.org/x/term v0.11.0 h1:F9tnn/DA/Im8nCwm+fX+1/eBwi4qFjRT++MhtVC4ZX0=
golang.org/x/term v0.11.0/go.mod h1:zC9APTIj3jG3FdV/Ons+XE1riIZXG4aZ4GTHiPZJPIU=
gopkg.in/check.v1 v0.0.0-20161208181325-20d25e280405/go.mod h1:Co6ibVJAznAaIkqp8huTwlJQCZ016jof/cbN4VW5Yz0=
gopkg.in/yaml.v3 v3.0.0-20200313102051-9f266ea9e77c/go.mod h1:K4uyk7z7BCEPqu6E+C64Yfv1cQ7kz7rIZviUmN+EgEM=
gopkg.in/yaml.v3 v3.0.1 h1:fxVm/GzAzEWqLHuvctI91KS9hhNmmWOoWu0XTYJS7CA=
